
Microsoft Visual Studio Solution File, Format Version 12.00
# Visual Studio Version 17
VisualStudioVersion = 17.4.33213.308
MinimumVisualStudioVersion = 10.0.40219.1
Project("{FAE04EC0-301F-11D3-BF4B-00C04F79EFBC}") = "ti92app", "ti92app\ti92app.csproj", "{614D778B-AEDA-4E5D-A01F-75C8A84742A4}"
EndProject
Project("{FAE04EC0-301F-11D3-BF4B-00C04F79EFBC}") = "ti92class", "ti92class\ti92class.csproj", "{40782CCB-EF27-4FD5-AC18-8DACE39D670E}"
EndProject
Global
	GlobalSection(SolutionConfigurationPlatforms) = preSolution
		Debug|Any CPU = Debug|Any CPU
		Release|Any CPU = Release|Any CPU
	EndGlobalSection
	GlobalSection(ProjectConfigurationPlatforms) = postSolution
		{614D778B-AEDA-4E5D-A01F-75C8A84742A4}.Debug|Any CPU.ActiveCfg = Debug|Any CPU
		{614D778B-AEDA-4E5D-A01F-75C8A84742A4}.Debug|Any CPU.Build.0 = Debug|Any CPU
		{614D778B-AEDA-4E5D-A01F-75C8A84742A4}.Release|Any CPU.ActiveCfg = Release|Any CPU
		{614D778B-AEDA-4E5D-A01F-75C8A84742A4}.Release|Any CPU.Build.0 = Release|Any CPU
		{40782CCB-EF27-4FD5-AC18-8DACE39D670E}.Debug|Any CPU.ActiveCfg = Debug|Any CPU
		{40782CCB-EF27-4FD5-AC18-8DACE39D670E}.Debug|Any CPU.Build.0 = Debug|Any CPU
		{40782CCB-EF27-4FD5-AC18-8DACE39D670E}.Release|Any CPU.ActiveCfg = Release|Any CPU
		{40782CCB-EF27-4FD5-AC18-8DACE39D670E}.Release|Any CPU.Build.0 = Release|Any CPU
	EndGlobalSection
	GlobalSection(SolutionProperties) = preSolution
		HideSolutionNode = FALSE
	EndGlobalSection
	GlobalSection(ExtensibilityGlobals) = postSolution
		SolutionGuid = {DAC4D733-2EE8-4883-8C0C-2CCAA7FC5046}
	EndGlobalSection
EndGlobal
